// !$*UTF8*$!
{
	archiveVersion = 1;
	classes = {
	};
	objectVersion = 46;
	objects = {

/* Begin PBXBuildFile section */
		009DC08A1BA81D680054483E /* AppDelegate.swift in Sources */ = {isa = PBXBuildFile; fileRef = 009DC0891BA81D680054483E /* AppDelegate.swift */; };
		009DC08D1BA81D680054483E /* GCDGhost.xcdatamodeld in Sources */ = {isa = PBXBuildFile; fileRef = 009DC08B1BA81D680054483E /* GCDGhost.xcdatamodeld */; };
		009DC08F1BA81D680054483E /* ViewController.swift in Sources */ = {isa = PBXBuildFile; fileRef = 009DC08E1BA81D680054483E /* ViewController.swift */; };
		009DC0921BA81D680054483E /* Main.storyboard in Resources */ = {isa = PBXBuildFile; fileRef = 009DC0901BA81D680054483E /* Main.storyboard */; };
		009DC0941BA81D680054483E /* Images.xcassets in Resources */ = {isa = PBXBuildFile; fileRef = 009DC0931BA81D680054483E /* Images.xcassets */; };
		009DC0971BA81D680054483E /* LaunchScreen.xib in Resources */ = {isa = PBXBuildFile; fileRef = 009DC0951BA81D680054483E /* LaunchScreen.xib */; };
		009DC0A31BA81D680054483E /* GCDGhostTests.swift in Sources */ = {isa = PBXBuildFile; fileRef = 009DC0A21BA81D680054483E /* GCDGhostTests.swift */; };
		009DC0AD1BA81E540054483E /* Thread.swift in Sources */ = {isa = PBXBuildFile; fileRef = 009DC0AC1BA81E540054483E /* Thread.swift */; };
/* End PBXBuildFile section */

/* Begin PBXContainerItemProxy section */
		009DC09D1BA81D680054483E /* PBXContainerItemProxy */ = {
			isa = PBXContainerItemProxy;
			containerPortal = 009DC07C1BA81D680054483E /* Project object */;
			proxyType = 1;
			remoteGlobalIDString = 009DC0831BA81D680054483E;
			remoteInfo = GCDGhost;
		};
/* End PBXContainerItemProxy section */

/* Begin PBXFileReference section */
		009DC0841BA81D680054483E /* GCDGhost.app */ = {isa = PBXFileReference; explicitFileType = wrapper.application; includeInIndex = 0; path = GCDGhost.app; sourceTree = BUILT_PRODUCTS_DIR; };
		009DC0881BA81D680054483E /* Info.plist */ = {isa = PBXFileReference; lastKnownFileType = text.plist.xml; path = Info.plist; sourceTree = "<group>"; };
		009DC0891BA81D680054483E /* AppDelegate.swift */ = {isa = PBXFileReference; lastKnownFileType = sourcecode.swift; path = AppDelegate.swift; sourceTree = "<group>"; };
		009DC08C1BA81D680054483E /* GCDGhost.xcdatamodel */ = {isa = PBXFileReference; lastKnownFileType = wrapper.xcdatamodel; path = GCDGhost.xcdatamodel; sourceTree = "<group>"; };
		009DC08E1BA81D680054483E /* ViewController.swift */ = {isa = PBXFileReference; lastKnownFileType = sourcecode.swift; path = ViewController.swift; sourceTree = "<group>"; };
		009DC0911BA81D680054483E /* Base */ = {isa = PBXFileReference; lastKnownFileType = file.storyboard; name = Base; path = Base.lproj/Main.storyboard; sourceTree = "<group>"; };
		009DC0931BA81D680054483E /* Images.xcassets */ = {isa = PBXFileReference; lastKnownFileType = folder.assetcatalog; path = Images.xcassets; sourceTree = "<group>"; };
		009DC0961BA81D680054483E /* Base */ = {isa = PBXFileReference; lastKnownFileType = file.xib; name = Base; path = Base.lproj/LaunchScreen.xib; sourceTree = "<group>"; };
		009DC09C1BA81D680054483E /* GCDGhostTests.xctest */ = {isa = PBXFileReference; explicitFileType = wrapper.cfbundle; includeInIndex = 0; path = GCDGhostTests.xctest; sourceTree = BUILT_PRODUCTS_DIR; };
		009DC0A11BA81D680054483E /* Info.plist */ = {isa = PBXFileReference; lastKnownFileType = text.plist.xml; path = Info.plist; sourceTree = "<group>"; };
		009DC0A21BA81D680054483E /* GCDGhostTests.swift */ = {isa = PBXFileReference; lastKnownFileType = sourcecode.swift; path = GCDGhostTests.swift; sourceTree = "<group>"; };
		009DC0AC1BA81E540054483E /* Thread.swift */ = {isa = PBXFileReference; fileEncoding = 4; lastKnownFileType = sourcecode.swift; path = Thread.swift; sourceTree = "<group>"; };
/* End PBXFileReference section */

/* Begin PBXFrameworksBuildPhase section */
		009DC0811BA81D680054483E /* Frameworks */ = {
			isa = PBXFrameworksBuildPhase;
			buildActionMask = 2147483647;
			files = (
			);
			runOnlyForDeploymentPostprocessing = 0;
		};
		009DC0991BA81D680054483E /* Frameworks */ = {
			isa = PBXFrameworksBuildPhase;
			buildActionMask = 2147483647;
			files = (
			);
			runOnlyForDeploymentPostprocessing = 0;
		};
/* End PBXFrameworksBuildPhase section */

/* Begin PBXGroup section */
		009DC07B1BA81D680054483E = {
			isa = PBXGroup;
			children = (
				009DC0861BA81D680054483E /* GCDGhost */,
				009DC09F1BA81D680054483E /* GCDGhostTests */,
				009DC0851BA81D680054483E /* Products */,
			);
			sourceTree = "<group>";
		};
		009DC0851BA81D680054483E /* Products */ = {
			isa = PBXGroup;
			children = (
				009DC0841BA81D680054483E /* GCDGhost.app */,
				009DC09C1BA81D680054483E /* GCDGhostTests.xctest */,
			);
			name = Products;
			sourceTree = "<group>";
		};
		009DC0861BA81D680054483E /* GCDGhost */ = {
			isa = PBXGroup;
			children = (
				009DC0AF1BA822590054483E /* Model */,
				009DC0AE1BA822520054483E /* Controller */,
				009DC0871BA81D680054483E /* Supporting Files */,
			);
			path = GCDGhost;
			sourceTree = "<group>";
		};
		009DC0871BA81D680054483E /* Supporting Files */ = {
			isa = PBXGroup;
			children = (
				009DC0891BA81D680054483E /* AppDelegate.swift */,
				009DC0901BA81D680054483E /* Main.storyboard */,
				009DC0931BA81D680054483E /* Images.xcassets */,
				009DC0951BA81D680054483E /* LaunchScreen.xib */,
				009DC08B1BA81D680054483E /* GCDGhost.xcdatamodeld */,
				009DC0881BA81D680054483E /* Info.plist */,
			);
			name = "Supporting Files";
			sourceTree = "<group>";
		};
		009DC09F1BA81D680054483E /* GCDGhostTests */ = {
			isa = PBXGroup;
			children = (
				009DC0A21BA81D680054483E /* GCDGhostTests.swift */,
				009DC0A01BA81D680054483E /* Supporting Files */,
			);
			path = GCDGhostTests;
			sourceTree = "<group>";
		};
		009DC0A01BA81D680054483E /* Supporting Files */ = {
			isa = PBXGroup;
			children = (
				009DC0A11BA81D680054483E /* Info.plist */,
			);
			name = "Supporting Files";
			sourceTree = "<group>";
		};
		009DC0AE1BA822520054483E /* Controller */ = {
			isa = PBXGroup;
			children = (
				009DC08E1BA81D680054483E /* ViewController.swift */,
			);
			name = Controller;
			sourceTree = "<group>";
		};
		009DC0AF1BA822590054483E /* Model */ = {
			isa = PBXGroup;
			children = (
				009DC0AC1BA81E540054483E /* Thread.swift */,
			);
			name = Model;
			sourceTree = "<group>";
		};
/* End PBXGroup section */

/* Begin PBXNativeTarget section */
		009DC0831BA81D680054483E /* GCDGhost */ = {
			isa = PBXNativeTarget;
			buildConfigurationList = 009DC0A61BA81D680054483E /* Build configuration list for PBXNativeTarget "GCDGhost" */;
			buildPhases = (
				009DC0801BA81D680054483E /* Sources */,
				009DC0811BA81D680054483E /* Frameworks */,
				009DC0821BA81D680054483E /* Resources */,
			);
			buildRules = (
			);
			dependencies = (
			);
			name = GCDGhost;
			productName = GCDGhost;
			productReference = 009DC0841BA81D680054483E /* GCDGhost.app */;
			productType = "com.apple.product-type.application";
		};
		009DC09B1BA81D680054483E /* GCDGhostTests */ = {
			isa = PBXNativeTarget;
			buildConfigurationList = 009DC0A91BA81D680054483E /* Build configuration list for PBXNativeTarget "GCDGhostTests" */;
			buildPhases = (
				009DC0981BA81D680054483E /* Sources */,
				009DC0991BA81D680054483E /* Frameworks */,
				009DC09A1BA81D680054483E /* Resources */,
			);
			buildRules = (
			);
			dependencies = (
				009DC09E1BA81D680054483E /* PBXTargetDependency */,
			);
			name = GCDGhostTests;
			productName = GCDGhostTests;
			productReference = 009DC09C1BA81D680054483E /* GCDGhostTests.xctest */;
			productType = "com.apple.product-type.bundle.unit-test";
		};
/* End PBXNativeTarget section */

/* Begin PBXProject section */
		009DC07C1BA81D680054483E /* Project object */ = {
			isa = PBXProject;
			attributes = {
				LastSwiftMigration = 0730;
				LastSwiftUpdateCheck = 0730;
				LastUpgradeCheck = 0730;
				ORGANIZATIONNAME = iDreamCode;
				TargetAttributes = {
					009DC0831BA81D680054483E = {
						CreatedOnToolsVersion = 6.4;
					};
					009DC09B1BA81D680054483E = {
						CreatedOnToolsVersion = 6.4;
						TestTargetID = 009DC0831BA81D680054483E;
					};
				};
			};
			buildConfigurationList = 009DC07F1BA81D680054483E /* Build configuration list for PBXProject "GCDGhost" */;
			compatibilityVersion = "Xcode 3.2";
			developmentRegion = English;
			hasScannedForEncodings = 0;
			knownRegions = (
				en,
				Base,
			);
			mainGroup = 009DC07B1BA81D680054483E;
			productRefGroup = 009DC0851BA81D680054483E /* Products */;
			projectDirPath = "";
			projectRoot = "";
			targets = (
				009DC0831BA81D680054483E /* GCDGhost */,
				009DC09B1BA81D680054483E /* GCDGhostTests */,
			);
		};
/* End PBXProject section */

/* Begin PBXResourcesBuildPhase section */
		009DC0821BA81D680054483E /* Resources */ = {
			isa = PBXResourcesBuildPhase;
			buildActionMask = 2147483647;
			files = (
				009DC0921BA81D680054483E /* Main.storyboard in Resources */,
				009DC0971BA81D680054483E /* LaunchScreen.xib in Resources */,
				009DC0941BA81D680054483E /* Images.xcassets in Resources */,
			);
			runOnlyForDeploymentPostprocessing = 0;
		};
		009DC09A1BA81D680054483E /* Resources */ = {
			isa = PBXResourcesBuildPhase;
			buildActionMask = 2147483647;
			files = (
			);
			runOnlyForDeploymentPostprocessing = 0;
		};
/* End PBXResourcesBuildPhase section */

/* Begin PBXSourcesBuildPhase section */
		009DC0801BA81D680054483E /* Sources */ = {
			isa = PBXSourcesBuildPhase;
			buildActionMask = 2147483647;
			files = (
				009DC08F1BA81D680054483E /* ViewController.swift in Sources */,
				009DC0AD1BA81E540054483E /* Thread.swift in Sources */,
				009DC08D1BA81D680054483E /* GCDGhost.xcdatamodeld in Sources */,
				009DC08A1BA81D680054483E /* AppDelegate.swift in Sources */,
			);
			runOnlyForDeploymentPostprocessing = 0;
		};
		009DC0981BA81D680054483E /* Sources */ = {
			isa = PBXSourcesBuildPhase;
			buildActionMask = 2147483647;
			files = (
				009DC0A31BA81D680054483E /* GCDGhostTests.swift in Sources */,
			);
			runOnlyForDeploymentPostprocessing = 0;
		};
/* End PBXSourcesBuildPhase section */

/* Begin PBXTargetDependency section */
		009DC09E1BA81D680054483E /* PBXTargetDependency */ = {
			isa = PBXTargetDependency;
			target = 009DC0831BA81D680054483E /* GCDGhost */;
			targetProxy = 009DC09D1BA81D680054483E /* PBXContainerItemProxy */;
		};
/* End PBXTargetDependency section */

/* Begin PBXVariantGroup section */
		009DC0901BA81D680054483E /* Main.storyboard */ = {
			isa = PBXVariantGroup;
			children = (
				009DC0911BA81D680054483E /* Base */,
			);
			name = Main.storyboard;
			sourceTree = "<group>";
		};
		009DC0951BA81D680054483E /* LaunchScreen.xib */ = {
			isa = PBXVariantGroup;
			children = (
				009DC0961BA81D680054483E /* Base */,
			);
			name = LaunchScreen.xib;
			sourceTree = "<group>";
		};
/* End PBXVariantGroup section */

/* Begin XCBuildConfiguration section */
		009DC0A41BA81D680054483E /* Debug */ = {
			isa = XCBuildConfiguration;
			buildSettings = {
				ALWAYS_SEARCH_USER_PATHS = NO;
				CLANG_CXX_LANGUAGE_STANDARD = "gnu++0x";
				CLANG_CXX_LIBRARY = "libc++";
				CLANG_ENABLE_MODULES = YES;
				CLANG_ENABLE_OBJC_ARC = YES;
				CLANG_WARN_BOOL_CONVERSION = YES;
				CLANG_WARN_CONSTANT_CONVERSION = YES;
				CLANG_WARN_DIRECT_OBJC_ISA_USAGE = YES_ERROR;
				CLANG_WARN_EMPTY_BODY = YES;
				CLANG_WARN_ENUM_CONVERSION = YES;
				CLANG_WARN_INT_CONVERSION = YES;
				CLANG_WARN_OBJC_ROOT_CLASS = YES_ERROR;
				CLANG_WARN_UNREACHABLE_CODE = YES;
				CLANG_WARN__DUPLICATE_METHOD_MATCH = YES;
				"CODE_SIGN_IDENTITY[sdk=iphoneos*]" = "iPhone Developer";
				COPY_PHASE_STRIP = NO;
				DEBUG_INFORMATION_FORMAT = "dwarf-with-dsym";
				ENABLE_STRICT_OBJC_MSGSEND = YES;
				ENABLE_TESTABILITY = YES;
				GCC_C_LANGUAGE_STANDARD = gnu99;
				GCC_DYNAMIC_NO_PIC = NO;
				GCC_NO_COMMON_BLOCKS = YES;
				GCC_OPTIMIZATION_LEVEL = 0;
				GCC_PREPROCESSOR_DEFINITIONS = (
					"DEBUG=1",
					"$(inherited)",
				);
				GCC_SYMBOLS_PRIVATE_EXTERN = NO;
				GCC_WARN_64_TO_32_BIT_CONVERSION = YES;
				GCC_WARN_ABOUT_RETURN_TYPE = YES_ERROR;
				GCC_WARN_UNDECLARED_SELECTOR = YES;
				GCC_WARN_UNINITIALIZED_AUTOS = YES_AGGRESSIVE;
				GCC_WARN_UNUSED_FUNCTION = YES;
				GCC_WARN_UNUSED_VARIABLE = YES;
				IPHONEOS_DEPLOYMENT_TARGET = 8.4;
				MTL_ENABLE_DEBUG_INFO = YES;
				ONLY_ACTIVE_ARCH = YES;
				SDKROOT = iphoneos;
				SWIFT_OPTIMIZATION_LEVEL = "-Onone";
				TARGETED_DEVICE_FAMILY = "1,2";
			};
			name = Debug;
		};
		009DC0A51BA81D680054483E /* Release */ = {
			isa = XCBuildConfiguration;
			buildSettings = {
				ALWAYS_SEARCH_USER_PATHS = NO;
				CLANG_CXX_LANGUAGE_STANDARD = "gnu++0x";
				CLANG_CXX_LIBRARY = "libc++";
				CLANG_ENABLE_MODULES = YES;
				CLANG_ENABLE_OBJC_ARC = YES;
				CLANG_WARN_BOOL_CONVERSION = YES;
				CLANG_WARN_CONSTANT_CONVERSION = YES;
				CLANG_WARN_DIRECT_OBJC_ISA_USAGE = YES_ERROR;
				CLANG_WARN_EMPTY_BODY = YES;
				CLANG_WARN_ENUM_CONVERSION = YES;
				CLANG_WARN_INT_CONVERSION = YES;
				CLANG_WARN_OBJC_ROOT_CLASS = YES_ERROR;
				CLANG_WARN_UNREACHABLE_CODE = YES;
				CLANG_WARN__DUPLICATE_METHOD_MATCH = YES;
				"CODE_SIGN_IDENTITY[sdk=iphoneos*]" = "iPhone Developer";
				COPY_PHASE_STRIP = NO;
				DEBUG_INFORMATION_FORMAT = "dwarf-with-dsym";
				ENABLE_NS_ASSERTIONS = NO;
				ENABLE_STRICT_OBJC_MSGSEND = YES;
				GCC_C_LANGUAGE_STANDARD = gnu99;
				GCC_NO_COMMON_BLOCKS = YES;
				GCC_WARN_64_TO_32_BIT_CONVERSION = YES;
				GCC_WARN_ABOUT_RETURN_TYPE = YES_ERROR;
				GCC_WARN_UNDECLARED_SELECTOR = YES;
				GCC_WARN_UNINITIALIZED_AUTOS = YES_AGGRESSIVE;
				GCC_WARN_UNUSED_FUNCTION = YES;
				GCC_WARN_UNUSED_VARIABLE = YES;
				IPHONEOS_DEPLOYMENT_TARGET = 8.4;
				MTL_ENABLE_DEBUG_INFO = NO;
				SDKROOT = iphoneos;
				TARGETED_DEVICE_FAMILY = "1,2";
				VALIDATE_PRODUCT = YES;
			};
			name = Release;
		};
		009DC0A71BA81D680054483E /* Debug */ = {
			isa = XCBuildConfiguration;
			buildSettings = {
				ASSETCATALOG_COMPILER_APPICON_NAME = AppIcon;
				INFOPLIST_FILE = GCDGhost/Info.plist;
				LD_RUNPATH_SEARCH_PATHS = "$(inherited) @executable_path/Frameworks";
				PRODUCT_BUNDLE_IDENTIFIER = "com.iDreamCode.$(PRODUCT_NAME:rfc1034identifier)";
				PRODUCT_NAME = "$(TARGET_NAME)";
			};
			name = Debug;
		};
		009DC0A81BA81D680054483E /* Release */ = {
			isa = XCBuildConfiguration;
			buildSettings = {
				ASSETCATALOG_COMPILER_APPICON_NAME = AppIcon;
				INFOPLIST_FILE = GCDGhost/Info.plist;
				LD_RUNPATH_SEARCH_PATHS = "$(inherited) @executable_path/Frameworks";
				PRODUCT_BUNDLE_IDENTIFIER = "com.iDreamCode.$(PRODUCT_NAME:rfc1034identifier)";
				PRODUCT_NAME = "$(TARGET_NAME)";
			};
			name = Release;
		};
		009DC0AA1BA81D680054483E /* Debug */ = {
			isa = XCBuildConfiguration;
			buildSettings = {
				BUNDLE_LOADER = "$(TEST_HOST)";
				FRAMEWORK_SEARCH_PATHS = (
					"$(SDKROOT)/Developer/Library/Frameworks",
					"$(inherited)",
				);
				GCC_PREPROCESSOR_DEFINITIONS = (
					"DEBUG=1",
					"$(inherited)",
				);
				INFOPLIST_FILE = GCDGhostTests/Info.plist;
				LD_RUNPATH_SEARCH_PATHS = "$(inherited) @executable_path/Frameworks @loader_path/Frameworks";
				PRODUCT_BUNDLE_IDENTIFIER = "com.iDreamCode.$(PRODUCT_NAME:rfc1034identifier)";
				PRODUCT_NAME = "$(TARGET_NAME)";
				TEST_HOST = "$(BUILT_PRODUCTS_DIR)/GCDGhost.app/GCDGhost";
			};
			name = Debug;
		};
		009DC0AB1BA81D680054483E /* Release */ = {
			isa = XCBuildConfiguration;
			buildSettings = {
				BUNDLE_LOADER = "$(TEST_HOST)";
				FRAMEWORK_SEARCH_PATHS = (
					"$(SDKROOT)/Developer/Library/Frameworks",
					"$(inherited)",
				);
				INFOPLIST_FILE = GCDGhostTests/Info.plist;
				LD_RUNPATH_SEARCH_PATHS = "$(inherited) @executable_path/Frameworks @loader_path/Frameworks";
				PRODUCT_BUNDLE_IDENTIFIER = "com.iDreamCode.$(PRODUCT_NAME:rfc1034identifier)";
				PRODUCT_NAME = "$(TARGET_NAME)";
				TEST_HOST = "$(BUILT_PRODUCTS_DIR)/GCDGhost.app/GCDGhost";
			};
			name = Release;
		};
/* End XCBuildConfiguration section */

/* Begin XCConfigurationList section */
		009DC07F1BA81D680054483E /* Build configuration list for PBXProject "GCDGhost" */ = {
			isa = XCConfigurationList;
			buildConfigurations = (
				009DC0A41BA81D680054483E /* Debug */,
				009DC0A51BA81D680054483E /* Release */,
			);
			defaultConfigurationIsVisible = 0;
			defaultConfigurationName = Release;
		};
		009DC0A61BA81D680054483E /* Build configuration list for PBXNativeTarget "GCDGhost" */ = {
			isa = XCConfigurationList;
			buildConfigurations = (
				009DC0A71BA81D680054483E /* Debug */,
				009DC0A81BA81D680054483E /* Release */,
			);
			defaultConfigurationIsVisible = 0;
			defaultConfigurationName = Release;
		};
		009DC0A91BA81D680054483E /* Build configuration list for PBXNativeTarget "GCDGhostTests" */ = {
			isa = XCConfigurationList;
			buildConfigurations = (
				009DC0AA1BA81D680054483E /* Debug */,
				009DC0AB1BA81D680054483E /* Release */,
			);
			defaultConfigurationIsVisible = 0;
			defaultConfigurationName = Release;
		};
/* End XCConfigurationList section */

/* Begin XCVersionGroup section */
		009DC08B1BA81D680054483E /* GCDGhost.xcdatamodeld */ = {
			isa = XCVersionGroup;
			children = (
				009DC08C1BA81D680054483E /* GCDGhost.xcdatamodel */,
			);
			currentVersion = 009DC08C1BA81D680054483E /* GCDGhost.xcdatamodel */;
			path = GCDGhost.xcdatamodeld;
			sourceTree = "<group>";
			versionGroupType = wrapper.xcdatamodel;
		};
/* End XCVersionGroup section */
	};
	rootObject = 009DC07C1BA81D680054483E /* Project object */;
}
